
Microsoft Visual Studio Solution File, Format Version 11.00
# Visual C++ Express 2010
Project("{8BC9CEB8-8B4A-11D0-8D11-00A0C91BC942}") = "CP1", "CP1\CP1.vcxproj", "{D9B167A7-FB59-4485-9BBE-C0C3D24B0BC9}"
EndProject
Global
	GlobalSection(SolutionConfigurationPlatforms) = preSolution
		Debug|Win32 = Debug|Win32
		Release|Win32 = Release|Win32
	EndGlobalSection
	GlobalSection(ProjectConfigurationPlatforms) = postSolution
		{D9B167A7-FB59-4485-9BBE-C0C3D24B0BC9}.Debug|Win32.ActiveCfg = Debug|Win32
		{D9B167A7-FB59-4485-9BBE-C0C3D24B0BC9}.Debug|Win32.Build.0 = Debug|Win32
		{D9B167A7-FB59-4485-9BBE-C0C3D24B0BC9}.Release|Win32.ActiveCfg = Release|Win32
		{D9B167A7-FB59-4485-9BBE-C0C3D24B0BC9}.Release|Win32.Build.0 = Release|Win32
	EndGlobalSection
	GlobalSection(SolutionProperties) = preSolution
		HideSolutionNode = FALSE
	EndGlobalSection
EndGlobal
